
Microsoft Visual Studio Solution File, Format Version 12.00
# Visual Studio 15
VisualStudioVersion = 15.0.28307.572
MinimumVisualStudioVersion = 10.0.40219.1
Project("{FAE04EC0-301F-11D3-BF4B-00C04F79EFBC}") = "myEmulators", "myEmulators.csproj", "{F976622B-E8A2-41AC-9DAD-F341D17883B3}"
EndProject
Global
	GlobalSection(SolutionConfigurationPlatforms) = preSolution
		Debug|x86 = Debug|x86
		Release|x86 = Release|x86
	EndGlobalSection
	GlobalSection(ProjectConfigurationPlatforms) = postSolution
		{F976622B-E8A2-41AC-9DAD-F341D17883B3}.Debug|x86.ActiveCfg = Debug|x86
		{F976622B-E8A2-41AC-9DAD-F341D17883B3}.Debug|x86.Build.0 = Debug|x86
		{F976622B-E8A2-41AC-9DAD-F341D17883B3}.Release|x86.ActiveCfg = Release|x86
		{F976622B-E8A2-41AC-9DAD-F341D17883B3}.Release|x86.Build.0 = Release|x86
	EndGlobalSection
	GlobalSection(SolutionProperties) = preSolution
		HideSolutionNode = FALSE
	EndGlobalSection
	GlobalSection(ExtensibilityGlobals) = postSolution
		SolutionGuid = {6090D981-4062-44C3-A96E-0615248FDCD2}
	EndGlobalSection
EndGlobal
